
Microsoft Visual Studio Solution File, Format Version 12.00
# Visual Studio Version 17
VisualStudioVersion = 17.14.36221.1 d17.14
MinimumVisualStudioVersion = 10.0.40219.1
Project("{FAE04EC0-301F-11D3-BF4B-00C04F79EFBC}") = "laptop_t", "laptop_t.csproj", "{C818D1A9-2F47-4239-A753-A4948CEE2780}"
EndProject
Global
	GlobalSection(SolutionConfigurationPlatforms) = preSolution
		Debug|Any CPU = Debug|Any CPU
		Release|Any CPU = Release|Any CPU
	EndGlobalSection
	GlobalSection(ProjectConfigurationPlatforms) = postSolution
		{C818D1A9-2F47-4239-A753-A4948CEE2780}.Debug|Any CPU.ActiveCfg = Debug|Any CPU
		{C818D1A9-2F47-4239-A753-A4948CEE2780}.Debug|Any CPU.Build.0 = Debug|Any CPU
		{C818D1A9-2F47-4239-A753-A4948CEE2780}.Release|Any CPU.ActiveCfg = Release|Any CPU
		{C818D1A9-2F47-4239-A753-A4948CEE2780}.Release|Any CPU.Build.0 = Release|Any CPU
	EndGlobalSection
	GlobalSection(SolutionProperties) = preSolution
		HideSolutionNode = FALSE
	EndGlobalSection
	GlobalSection(ExtensibilityGlobals) = postSolution
		SolutionGuid = {A43F1E74-ED98-4759-8029-462235D4D97A}
	EndGlobalSection
EndGlobal
